
Microsoft Visual Studio Solution File, Format Version 12.00
# Visual Studio Version 16
VisualStudioVersion = 16.0.33027.164
MinimumVisualStudioVersion = 10.0.40219.1
Project("{FAE04EC0-301F-11D3-BF4B-00C04F79EFBC}") = "AppMvc", "src\AppMvc\AppMvc.csproj", "{F281FB02-BD6C-440E-94AD-36DACE23A660}"
EndProject
Project("{FAE04EC0-301F-11D3-BF4B-00C04F79EFBC}") = "Business", "Business\Business.csproj", "{2B37D6F8-F1B2-4E01-B0FE-DBF0836AFDF6}"
EndProject
Project("{FAE04EC0-301F-11D3-BF4B-00C04F79EFBC}") = "Infra", "Infra\Infra.csproj", "{4C7AE1A9-E7B5-4BD2-8F33-E31A935EEA3D}"
EndProject
Global
	GlobalSection(SolutionConfigurationPlatforms) = preSolution
		Debug|Any CPU = Debug|Any CPU
		Release|Any CPU = Release|Any CPU
	EndGlobalSection
	GlobalSection(ProjectConfigurationPlatforms) = postSolution
		{F281FB02-BD6C-440E-94AD-36DACE23A660}.Debug|Any CPU.ActiveCfg = Debug|Any CPU
		{F281FB02-BD6C-440E-94AD-36DACE23A660}.Debug|Any CPU.Build.0 = Debug|Any CPU
		{F281FB02-BD6C-440E-94AD-36DACE23A660}.Release|Any CPU.ActiveCfg = Release|Any CPU
		{F281FB02-BD6C-440E-94AD-36DACE23A660}.Release|Any CPU.Build.0 = Release|Any CPU
		{2B37D6F8-F1B2-4E01-B0FE-DBF0836AFDF6}.Debug|Any CPU.ActiveCfg = Debug|Any CPU
		{2B37D6F8-F1B2-4E01-B0FE-DBF0836AFDF6}.Debug|Any CPU.Build.0 = Debug|Any CPU
		{2B37D6F8-F1B2-4E01-B0FE-DBF0836AFDF6}.Release|Any CPU.ActiveCfg = Release|Any CPU
		{2B37D6F8-F1B2-4E01-B0FE-DBF0836AFDF6}.Release|Any CPU.Build.0 = Release|Any CPU
		{4C7AE1A9-E7B5-4BD2-8F33-E31A935EEA3D}.Debug|Any CPU.ActiveCfg = Debug|Any CPU
		{4C7AE1A9-E7B5-4BD2-8F33-E31A935EEA3D}.Debug|Any CPU.Build.0 = Debug|Any CPU
		{4C7AE1A9-E7B5-4BD2-8F33-E31A935EEA3D}.Release|Any CPU.ActiveCfg = Release|Any CPU
		{4C7AE1A9-E7B5-4BD2-8F33-E31A935EEA3D}.Release|Any CPU.Build.0 = Release|Any CPU
	EndGlobalSection
	GlobalSection(SolutionProperties) = preSolution
		HideSolutionNode = FALSE
	EndGlobalSection
	GlobalSection(ExtensibilityGlobals) = postSolution
		SolutionGuid = {1D67808E-0646-436E-A1ED-E0AF7DEBC1BC}
	EndGlobalSection
EndGlobal
